<?xml version="1.0" encoding="utf-8"?>
<Project ToolsVersion="4.0" xmlns="http://schemas.microsoft.com/developer/msbuild/2003">
  <ItemGroup>
    <Filter Include="Source Files">
      <UniqueIdentifier>{4FC737F1-C7A5-4376-A066-2A32D752A2FF}</UniqueIdentifier>
      <Extensions>cpp;c;cc;cxx;def;odl;idl;hpj;bat;asm;asmx</Extensions>
    </Filter>
    <Filter Include="Header Files">
      <UniqueIdentifier>{93995380-89BD-4b04-88EB-625FBE52EBFB}</UniqueIdentifier>
      <Extensions>h;hh;hpp;hxx;hm;inl;inc;xsd</Extensions>
    </Filter>
    <Filter Include="Resource Files">
      <UniqueIdentifier>{67DA6AB6-F800-4c08-8B7A-83BB121AAD01}</UniqueIdentifier>
      <Extensions>rc;ico;cur;bmp;dlg;rc2;rct;bin;rgs;gif;jpg;jpeg;jpe;resx;tiff;tif;png;wav;mfcribbon-ms</Extensions>
    </Filter>
    <Filter Include="Header Files\core">
      <UniqueIdentifier>{77828ef8-d819-4981-9c6c-aa4c946a1a30}</UniqueIdentifier>
    </Filter>
    <Filter Include="Source Files\core">
      <UniqueIdentifier>{d07fd461-2349-4378-98bd-b14273091772}</UniqueIdentifier>
    </Filter>
    <Filter Include="Source Files\core\math">
      <UniqueIdentifier>{edbf7c9b-1444-4dec-87f4-62340adebf51}</UniqueIdentifier>
    </Filter>
    <Filter Include="Header Files\core\math">
      <UniqueIdentifier>{efe72cf8-fdca-4631-960c-4bd70393b45a}</UniqueIdentifier>
    </Filter>
    <Filter Include="Header Files\shapes">
      <UniqueIdentifier>{3f735006-9ca3-4cb5-8ff4-547c3a57579b}</UniqueIdentifier>
    </Filter>
    <Filter Include="Source Files\shapes">
      <UniqueIdentifier>{a4ffce75-fab8-4989-8fd6-cc33f9cf9ba8}</UniqueIdentifier>
    </Filter>
    <Filter Include="Header Files\IO">
      <UniqueIdentifier>{9a005f0a-efef-4242-9761-d24e30a96b7d}</UniqueIdentifier>
    </Filter>
  </ItemGroup>
  <ItemGroup>
    <ClCompile Include="BBox.cpp">
      <Filter>Source Files\core</Filter>
    </ClCompile>
    <ClCompile Include="Color.cpp">
      <Filter>Source Files\core</Filter>
    </ClCompile>
    <ClCompile Include="Error.cpp">
      <Filter>Source Files\core</Filter>
    </ClCompile>
    <ClCompile Include="ImageIO.cpp">
      <Filter>Source Files\core</Filter>
    </ClCompile>
    <ClCompile Include="Ray.cpp">
      <Filter>Source Files\core</Filter>
    </ClCompile>
    <ClCompile Include="ShadeRec.cpp">
      <Filter>Source Files\core</Filter>
    </ClCompile>
    <ClCompile Include="Tracer.cpp">
      <Filter>Source Files\core</Filter>
    </ClCompile>
    <ClCompile Include="ViewPlane.cpp">
      <Filter>Source Files\core</Filter>
    </ClCompile>
    <ClCompile Include="World.cpp">
      <Filter>Source Files\core</Filter>
    </ClCompile>
    <ClCompile Include="Math.cpp">
      <Filter>Source Files\core\math</Filter>
    </ClCompile>
    <ClCompile Include="Matrix4x4.cpp">
      <Filter>Source Files\core\math</Filter>
    </ClCompile>
    <ClCompile Include="random.cpp">
      <Filter>Source Files\core\math</Filter>
    </ClCompile>
    <ClCompile Include="Transform.cpp">
      <Filter>Source Files\core</Filter>
    </ClCompile>
    <ClCompile Include="Camera.cpp">
      <Filter>Source Files\core</Filter>
    </ClCompile>
    <ClCompile Include="Vector.cpp">
      <Filter>Source Files\core\math</Filter>
    </ClCompile>
    <ClCompile Include="DifferentialGeometry.cpp">
      <Filter>Source Files\core</Filter>
    </ClCompile>
    <ClCompile Include="ReferenceCounted.cpp">
      <Filter>Source Files\core</Filter>
    </ClCompile>
    <ClCompile Include="Shape.cpp">
      <Filter>Source Files\core</Filter>
    </ClCompile>
    <ClCompile Include="Texture.cpp">
      <Filter>Source Files\core</Filter>
    </ClCompile>
    <ClCompile Include="main.cpp">
      <Filter>Source Files</Filter>
    </ClCompile>
    <ClCompile Include="TriangleMesh.cpp">
      <Filter>Source Files\shapes</Filter>
    </ClCompile>
    <ClCompile Include="Sphere.cpp">
      <Filter>Source Files\shapes</Filter>
    </ClCompile>
    <ClCompile Include="ModelIO.cpp">
      <Filter>Source Files\core</Filter>
    </ClCompile>
    <ClCompile Include="Primitive.cpp">
      <Filter>Source Files\core</Filter>
    </ClCompile>
    <ClCompile Include="Material.cpp">
      <Filter>Source Files</Filter>
    </ClCompile>
    <ClCompile Include="AreaLight.cpp">
      <Filter>Source Files</Filter>
    </ClCompile>
    <ClCompile Include="Window.cpp">
      <Filter>Source Files\core</Filter>
    </ClCompile>
    <ClCompile Include="Quaternion.cpp">
      <Filter>Source Files\core\math</Filter>
    </ClCompile>
    <ClCompile Include="MemoryArena.cpp">
      <Filter>Source Files\core</Filter>
    </ClCompile>
    <ClCompile Include="KdTree.cpp">
      <Filter>Source Files\core</Filter>
    </ClCompile>
    <ClCompile Include="Intersection.cpp">
      <Filter>Source Files\core</Filter>
    </ClCompile>
    <ClCompile Include="Aggregate.cpp">
      <Filter>Source Files\core</Filter>
    </ClCompile>
    <ClCompile Include="Scene.cpp">
      <Filter>Source Files</Filter>
    </ClCompile>
    <ClCompile Include="Renderer.cpp">
      <Filter>Source Files</Filter>
    </ClCompile>
    <ClCompile Include="Spectrum.cpp">
      <Filter>Source Files</Filter>
    </ClCompile>
    <ClCompile Include="AnimatedTransform.cpp">
      <Filter>Source Files\core</Filter>
    </ClCompile>
  </ItemGroup>
  <ItemGroup>
    <ClInclude Include="BBox.hpp">
      <Filter>Header Files\core</Filter>
    </ClInclude>
    <ClInclude Include="Color.hpp">
      <Filter>Header Files\core</Filter>
    </ClInclude>
    <ClInclude Include="Error.hpp">
      <Filter>Header Files\core</Filter>
    </ClInclude>
    <ClInclude Include="Geometry.hpp">
      <Filter>Header Files\core</Filter>
    </ClInclude>
    <ClInclude Include="Probes.hpp">
      <Filter>Header Files\core</Filter>
    </ClInclude>
    <ClInclude Include="Ray.hpp">
      <Filter>Header Files\core</Filter>
    </ClInclude>
    <ClInclude Include="RenderFish.hpp">
      <Filter>Header Files\core</Filter>
    </ClInclude>
    <ClInclude Include="Window.hpp">
      <Filter>Header Files\core</Filter>
    </ClInclude>
    <ClInclude Include="ShadeRec.hpp">
      <Filter>Header Files\core</Filter>
    </ClInclude>
    <ClInclude Include="Tracer.hpp">
      <Filter>Header Files\core</Filter>
    </ClInclude>
    <ClInclude Include="ViewPlane.hpp">
      <Filter>Header Files\core</Filter>
    </ClInclude>
    <ClInclude Include="World.hpp">
      <Filter>Header Files\core</Filter>
    </ClInclude>
    <ClInclude Include="Math.hpp">
      <Filter>Header Files\core\math</Filter>
    </ClInclude>
    <ClInclude Include="Matrix4x4.hpp">
      <Filter>Header Files\core\math</Filter>
    </ClInclude>
    <ClInclude Include="Random.hpp">
      <Filter>Header Files\core\math</Filter>
    </ClInclude>
    <ClInclude Include="Transform.hpp">
      <Filter>Header Files\core</Filter>
    </ClInclude>
    <ClInclude Include="MathHelper.hpp">
      <Filter>Header Files\core\math</Filter>
    </ClInclude>
    <ClInclude Include="Vector.hpp">
      <Filter>Header Files\core\math</Filter>
    </ClInclude>
    <ClInclude Include="Camera.hpp">
      <Filter>Header Files\core</Filter>
    </ClInclude>
    <ClInclude Include="DifferentialGeometry.hpp">
      <Filter>Header Files\core</Filter>
    </ClInclude>
    <ClInclude Include="ReferenceCounted.hpp">
      <Filter>Header Files\core</Filter>
    </ClInclude>
    <ClInclude Include="Shape.hpp">
      <Filter>Header Files\core</Filter>
    </ClInclude>
    <ClInclude Include="Texture.hpp">
      <Filter>Header Files\core</Filter>
    </ClInclude>
    <ClInclude Include="TriangleMesh.hpp">
      <Filter>Header Files\shapes</Filter>
    </ClInclude>
    <ClInclude Include="ImageIO.hpp">
      <Filter>Header Files\IO</Filter>
    </ClInclude>
    <ClInclude Include="Sphere.hpp">
      <Filter>Header Files\shapes</Filter>
    </ClInclude>
    <ClInclude Include="ModelIO.hpp">
      <Filter>Header Files\IO</Filter>
    </ClInclude>
    <ClInclude Include="AreaLight.hpp">
      <Filter>Header Files</Filter>
    </ClInclude>
    <ClInclude Include="Material.hpp">
      <Filter>Header Files</Filter>
    </ClInclude>
    <ClInclude Include="Quaternion.hpp">
      <Filter>Header Files\core\math</Filter>
    </ClInclude>
    <ClInclude Include="KdTree.hpp">
      <Filter>Header Files\core</Filter>
    </ClInclude>
    <ClInclude Include="MemoryArena.hpp">
      <Filter>Header Files\core</Filter>
    </ClInclude>
    <ClInclude Include="Primitive.hpp">
      <Filter>Header Files\core</Filter>
    </ClInclude>
    <ClInclude Include="Intersection.hpp">
      <Filter>Header Files\core</Filter>
    </ClInclude>
    <ClInclude Include="Aggregate.hpp">
      <Filter>Header Files\core</Filter>
    </ClInclude>
    <ClInclude Include="Scene.hpp">
      <Filter>Header Files</Filter>
    </ClInclude>
    <ClInclude Include="Renderer.hpp">
      <Filter>Header Files</Filter>
    </ClInclude>
    <ClInclude Include="Spectrum.hpp">
      <Filter>Header Files</Filter>
    </ClInclude>
    <ClInclude Include="AnimatedTransform.hpp">
      <Filter>Header Files\core</Filter>
    </ClInclude>
  </ItemGroup>
</Project>